
Microsoft Visual Studio Solution File, Format Version 12.00
# Visual Studio Version 17
VisualStudioVersion = 17.8.34525.116
MinimumVisualStudioVersion = 10.0.40219.1
Project("{FAE04EC0-301F-11D3-BF4B-00C04F79EFBC}") = "8Lab", "8Lab\8Lab.csproj", "{AF267FD0-1E2E-4652-AAF0-E2F4A7BF157E}"
EndProject
Global
	GlobalSection(SolutionConfigurationPlatforms) = preSolution
		Debug|Any CPU = Debug|Any CPU
		Release|Any CPU = Release|Any CPU
	EndGlobalSection
	GlobalSection(ProjectConfigurationPlatforms) = postSolution
		{AF267FD0-1E2E-4652-AAF0-E2F4A7BF157E}.Debug|Any CPU.ActiveCfg = Debug|Any CPU
		{AF267FD0-1E2E-4652-AAF0-E2F4A7BF157E}.Debug|Any CPU.Build.0 = Debug|Any CPU
		{AF267FD0-1E2E-4652-AAF0-E2F4A7BF157E}.Release|Any CPU.ActiveCfg = Release|Any CPU
		{AF267FD0-1E2E-4652-AAF0-E2F4A7BF157E}.Release|Any CPU.Build.0 = Release|Any CPU
	EndGlobalSection
	GlobalSection(SolutionProperties) = preSolution
		HideSolutionNode = FALSE
	EndGlobalSection
	GlobalSection(ExtensibilityGlobals) = postSolution
		SolutionGuid = {F56CA05F-1EA9-4BC3-AB84-EE60CD491008}
	EndGlobalSection
EndGlobal
